// !$*UTF8*$!
{
	archiveVersion = 1;
	classes = {
	};
	objectVersion = 46;
	objects = {

/* Begin PBXBuildFile section */
		2F8EA4D6F3394249AF7563D0 /* libPods-GreatPics.a in Frameworks */ = {isa = PBXBuildFile; fileRef = 1AB8205A5D80569858B236E8 /* libPods-GreatPics.a */; };
		80D60A731BBC4DDD00C3310E /* main.m in Sources */ = {isa = PBXBuildFile; fileRef = 80D60A721BBC4DDD00C3310E /* main.m */; };
		80D60A761BBC4DDD00C3310E /* AppDelegate.m in Sources */ = {isa = PBXBuildFile; fileRef = 80D60A751BBC4DDD00C3310E /* AppDelegate.m */; };
		80D60A791BBC4DDD00C3310E /* KVZCollectionViewController.m in Sources */ = {isa = PBXBuildFile; fileRef = 80D60A781BBC4DDD00C3310E /* KVZCollectionViewController.m */; };
		80D60A7C1BBC4DDD00C3310E /* Main.storyboard in Resources */ = {isa = PBXBuildFile; fileRef = 80D60A7A1BBC4DDD00C3310E /* Main.storyboard */; };
		80D60A7E1BBC4DDD00C3310E /* Assets.xcassets in Resources */ = {isa = PBXBuildFile; fileRef = 80D60A7D1BBC4DDD00C3310E /* Assets.xcassets */; };
		80D60A811BBC4DDD00C3310E /* LaunchScreen.storyboard in Resources */ = {isa = PBXBuildFile; fileRef = 80D60A7F1BBC4DDD00C3310E /* LaunchScreen.storyboard */; };
		80D60A891BBC4FB500C3310E /* .gitignore in Resources */ = {isa = PBXBuildFile; fileRef = 80D60A881BBC4FB500C3310E /* .gitignore */; settings = {ASSET_TAGS = (); }; };
		80D60A8C1BBC633300C3310E /* KVZDataSource.m in Sources */ = {isa = PBXBuildFile; fileRef = 80D60A8B1BBC633300C3310E /* KVZDataSource.m */; settings = {ASSET_TAGS = (); }; };
		80D60A8F1BBC638E00C3310E /* KVZCollectionViewCell.m in Sources */ = {isa = PBXBuildFile; fileRef = 80D60A8E1BBC638E00C3310E /* KVZCollectionViewCell.m */; settings = {ASSET_TAGS = (); }; };
		80D60A921BBC673400C3310E /* KVZPic.m in Sources */ = {isa = PBXBuildFile; fileRef = 80D60A911BBC673400C3310E /* KVZPic.m */; settings = {ASSET_TAGS = (); }; };
		80D60A951BBC694F00C3310E /* KVZServerManager.m in Sources */ = {isa = PBXBuildFile; fileRef = 80D60A941BBC694F00C3310E /* KVZServerManager.m */; settings = {ASSET_TAGS = (); }; };
		80D60A981BBE8C1A00C3310E /* KVZLoginViewController.m in Sources */ = {isa = PBXBuildFile; fileRef = 80D60A971BBE8C1A00C3310E /* KVZLoginViewController.m */; settings = {ASSET_TAGS = (); }; };
		80D60AE81BC4528400C3310E /* KVZCoreDataManager.m in Sources */ = {isa = PBXBuildFile; fileRef = 80D60AE71BC4528400C3310E /* KVZCoreDataManager.m */; settings = {ASSET_TAGS = (); }; };
		80D60AEE1BC4596700C3310E /* KVZModel.xcdatamodeld in Sources */ = {isa = PBXBuildFile; fileRef = 80D60AEC1BC4596700C3310E /* KVZModel.xcdatamodeld */; settings = {ASSET_TAGS = (); }; };
		80D60AF31BC461E000C3310E /* KVZInstaPost+CoreDataProperties.m in Sources */ = {isa = PBXBuildFile; fileRef = 80D60AF01BC461E000C3310E /* KVZInstaPost+CoreDataProperties.m */; settings = {ASSET_TAGS = (); }; };
		80D60AF41BC461E000C3310E /* KVZInstaPost.m in Sources */ = {isa = PBXBuildFile; fileRef = 80D60AF21BC461E000C3310E /* KVZInstaPost.m */; settings = {ASSET_TAGS = (); }; };
/* End PBXBuildFile section */

/* Begin PBXFileReference section */
		1AB8205A5D80569858B236E8 /* libPods-GreatPics.a */ = {isa = PBXFileReference; explicitFileType = archive.ar; includeInIndex = 0; path = "libPods-GreatPics.a"; sourceTree = BUILT_PRODUCTS_DIR; };
		3CB8296918332F8EF5EFE0F8 /* Pods-GreatPics.debug.xcconfig */ = {isa = PBXFileReference; includeInIndex = 1; lastKnownFileType = text.xcconfig; name = "Pods-GreatPics.debug.xcconfig"; path = "Pods/Target Support Files/Pods-GreatPics/Pods-GreatPics.debug.xcconfig"; sourceTree = "<group>"; };
		80D60A6E1BBC4DDD00C3310E /* GreatPics.app */ = {isa = PBXFileReference; explicitFileType = wrapper.application; includeInIndex = 0; path = GreatPics.app; sourceTree = BUILT_PRODUCTS_DIR; };
		80D60A721BBC4DDD00C3310E /* main.m */ = {isa = PBXFileReference; lastKnownFileType = sourcecode.c.objc; path = main.m; sourceTree = "<group>"; };
		80D60A741BBC4DDD00C3310E /* AppDelegate.h */ = {isa = PBXFileReference; lastKnownFileType = sourcecode.c.h; path = AppDelegate.h; sourceTree = "<group>"; };
		80D60A751BBC4DDD00C3310E /* AppDelegate.m */ = {isa = PBXFileReference; lastKnownFileType = sourcecode.c.objc; path = AppDelegate.m; sourceTree = "<group>"; };
		80D60A771BBC4DDD00C3310E /* KVZCollectionViewController.h */ = {isa = PBXFileReference; lastKnownFileType = sourcecode.c.h; path = KVZCollectionViewController.h; sourceTree = "<group>"; };
		80D60A781BBC4DDD00C3310E /* KVZCollectionViewController.m */ = {isa = PBXFileReference; lastKnownFileType = sourcecode.c.objc; path = KVZCollectionViewController.m; sourceTree = "<group>"; };
		80D60A7B1BBC4DDD00C3310E /* Base */ = {isa = PBXFileReference; lastKnownFileType = file.storyboard; name = Base; path = Base.lproj/Main.storyboard; sourceTree = "<group>"; };
		80D60A7D1BBC4DDD00C3310E /* Assets.xcassets */ = {isa = PBXFileReference; lastKnownFileType = folder.assetcatalog; path = Assets.xcassets; sourceTree = "<group>"; };
		80D60A801BBC4DDD00C3310E /* Base */ = {isa = PBXFileReference; lastKnownFileType = file.storyboard; name = Base; path = Base.lproj/LaunchScreen.storyboard; sourceTree = "<group>"; };
		80D60A821BBC4DDD00C3310E /* Info.plist */ = {isa = PBXFileReference; lastKnownFileType = text.plist.xml; path = Info.plist; sourceTree = "<group>"; };
		80D60A881BBC4FB500C3310E /* .gitignore */ = {isa = PBXFileReference; fileEncoding = 4; lastKnownFileType = text; name = .gitignore; path = ../.gitignore; sourceTree = "<group>"; };
		80D60A8A1BBC633300C3310E /* KVZDataSource.h */ = {isa = PBXFileReference; fileEncoding = 4; lastKnownFileType = sourcecode.c.h; path = KVZDataSource.h; sourceTree = "<group>"; };
		80D60A8B1BBC633300C3310E /* KVZDataSource.m */ = {isa = PBXFileReference; fileEncoding = 4; lastKnownFileType = sourcecode.c.objc; path = KVZDataSource.m; sourceTree = "<group>"; };
		80D60A8D1BBC638E00C3310E /* KVZCollectionViewCell.h */ = {isa = PBXFileReference; fileEncoding = 4; lastKnownFileType = sourcecode.c.h; path = KVZCollectionViewCell.h; sourceTree = "<group>"; };
		80D60A8E1BBC638E00C3310E /* KVZCollectionViewCell.m */ = {isa = PBXFileReference; fileEncoding = 4; lastKnownFileType = sourcecode.c.objc; path = KVZCollectionViewCell.m; sourceTree = "<group>"; };
		80D60A901BBC673400C3310E /* KVZPic.h */ = {isa = PBXFileReference; fileEncoding = 4; lastKnownFileType = sourcecode.c.h; path = KVZPic.h; sourceTree = "<group>"; };
		80D60A911BBC673400C3310E /* KVZPic.m */ = {isa = PBXFileReference; fileEncoding = 4; lastKnownFileType = sourcecode.c.objc; path = KVZPic.m; sourceTree = "<group>"; };
		80D60A931BBC694F00C3310E /* KVZServerManager.h */ = {isa = PBXFileReference; fileEncoding = 4; lastKnownFileType = sourcecode.c.h; path = KVZServerManager.h; sourceTree = "<group>"; };
		80D60A941BBC694F00C3310E /* KVZServerManager.m */ = {isa = PBXFileReference; fileEncoding = 4; lastKnownFileType = sourcecode.c.objc; path = KVZServerManager.m; sourceTree = "<group>"; };
		80D60A961BBE8C1A00C3310E /* KVZLoginViewController.h */ = {isa = PBXFileReference; fileEncoding = 4; lastKnownFileType = sourcecode.c.h; path = KVZLoginViewController.h; sourceTree = "<group>"; };
		80D60A971BBE8C1A00C3310E /* KVZLoginViewController.m */ = {isa = PBXFileReference; fileEncoding = 4; lastKnownFileType = sourcecode.c.objc; path = KVZLoginViewController.m; sourceTree = "<group>"; };
		80D60AE61BC4528400C3310E /* KVZCoreDataManager.h */ = {isa = PBXFileReference; fileEncoding = 4; lastKnownFileType = sourcecode.c.h; path = KVZCoreDataManager.h; sourceTree = "<group>"; };
		80D60AE71BC4528400C3310E /* KVZCoreDataManager.m */ = {isa = PBXFileReference; fileEncoding = 4; lastKnownFileType = sourcecode.c.objc; path = KVZCoreDataManager.m; sourceTree = "<group>"; };
		80D60AED1BC4596700C3310E /* KVZModel.xcdatamodel */ = {isa = PBXFileReference; lastKnownFileType = wrapper.xcdatamodel; path = KVZModel.xcdatamodel; sourceTree = "<group>"; };
		80D60AEF1BC461E000C3310E /* KVZInstaPost+CoreDataProperties.h */ = {isa = PBXFileReference; fileEncoding = 4; lastKnownFileType = sourcecode.c.h; path = "KVZInstaPost+CoreDataProperties.h"; sourceTree = "<group>"; };
		80D60AF01BC461E000C3310E /* KVZInstaPost+CoreDataProperties.m */ = {isa = PBXFileReference; fileEncoding = 4; lastKnownFileType = sourcecode.c.objc; path = "KVZInstaPost+CoreDataProperties.m"; sourceTree = "<group>"; };
		80D60AF11BC461E000C3310E /* KVZInstaPost.h */ = {isa = PBXFileReference; fileEncoding = 4; lastKnownFileType = sourcecode.c.h; path = KVZInstaPost.h; sourceTree = "<group>"; };
		80D60AF21BC461E000C3310E /* KVZInstaPost.m */ = {isa = PBXFileReference; fileEncoding = 4; lastKnownFileType = sourcecode.c.objc; path = KVZInstaPost.m; sourceTree = "<group>"; };
		EB7B32DF2FE679F0E55E0AD5 /* Pods-GreatPics.release.xcconfig */ = {isa = PBXFileReference; includeInIndex = 1; lastKnownFileType = text.xcconfig; name = "Pods-GreatPics.release.xcconfig"; path = "Pods/Target Support Files/Pods-GreatPics/Pods-GreatPics.release.xcconfig"; sourceTree = "<group>"; };
/* End PBXFileReference section */

/* Begin PBXFrameworksBuildPhase section */
		80D60A6B1BBC4DDD00C3310E /* Frameworks */ = {
			isa = PBXFrameworksBuildPhase;
			buildActionMask = 2147483647;
			files = (
				2F8EA4D6F3394249AF7563D0 /* libPods-GreatPics.a in Frameworks */,
			);
			runOnlyForDeploymentPostprocessing = 0;
		};
/* End PBXFrameworksBuildPhase section */

/* Begin PBXGroup section */
		80D60A651BBC4DDD00C3310E = {
			isa = PBXGroup;
			children = (
				80D60A701BBC4DDD00C3310E /* GreatPics */,
				80D60A6F1BBC4DDD00C3310E /* Products */,
				FF391E4F40F796DB4CAC8793 /* Pods */,
				BF8C529ECBD0F7AAB50E7E3D /* Frameworks */,
			);
			sourceTree = "<group>";
		};
		80D60A6F1BBC4DDD00C3310E /* Products */ = {
			isa = PBXGroup;
			children = (
				80D60A6E1BBC4DDD00C3310E /* GreatPics.app */,
			);
			name = Products;
			sourceTree = "<group>";
		};
		80D60A701BBC4DDD00C3310E /* GreatPics */ = {
			isa = PBXGroup;
			children = (
				80D60A9C1BBE8D5E00C3310E /* Models */,
				80D60A9D1BBE8D6800C3310E /* Controllers */,
				80D60A9E1BBE8D7500C3310E /* Views */,
				80D60A9F1BBE8D7D00C3310E /* Server */,
				80D60A7A1BBC4DDD00C3310E /* Main.storyboard */,
				80D60A711BBC4DDD00C3310E /* Supporting Files */,
			);
			path = GreatPics;
			sourceTree = "<group>";
		};
		80D60A711BBC4DDD00C3310E /* Supporting Files */ = {
			isa = PBXGroup;
			children = (
				80D60A741BBC4DDD00C3310E /* AppDelegate.h */,
				80D60A751BBC4DDD00C3310E /* AppDelegate.m */,
				80D60A7D1BBC4DDD00C3310E /* Assets.xcassets */,
				80D60A7F1BBC4DDD00C3310E /* LaunchScreen.storyboard */,
				80D60A881BBC4FB500C3310E /* .gitignore */,
				80D60A821BBC4DDD00C3310E /* Info.plist */,
				80D60A721BBC4DDD00C3310E /* main.m */,
			);
			name = "Supporting Files";
			sourceTree = "<group>";
		};
		80D60A9C1BBE8D5E00C3310E /* Models */ = {
			isa = PBXGroup;
			children = (
				80D60A8A1BBC633300C3310E /* KVZDataSource.h */,
				80D60A8B1BBC633300C3310E /* KVZDataSource.m */,
				80D60AE61BC4528400C3310E /* KVZCoreDataManager.h */,
				80D60AEC1BC4596700C3310E /* KVZModel.xcdatamodeld */,
				80D60AEF1BC461E000C3310E /* KVZInstaPost+CoreDataProperties.h */,
				80D60AF01BC461E000C3310E /* KVZInstaPost+CoreDataProperties.m */,
				80D60AF11BC461E000C3310E /* KVZInstaPost.h */,
				80D60AF21BC461E000C3310E /* KVZInstaPost.m */,
				80D60AE71BC4528400C3310E /* KVZCoreDataManager.m */,
				80D60A901BBC673400C3310E /* KVZPic.h */,
				80D60A911BBC673400C3310E /* KVZPic.m */,
			);
			name = Models;
			sourceTree = "<group>";
		};
		80D60A9D1BBE8D6800C3310E /* Controllers */ = {
			isa = PBXGroup;
			children = (
				80D60A961BBE8C1A00C3310E /* KVZLoginViewController.h */,
				80D60A971BBE8C1A00C3310E /* KVZLoginViewController.m */,
				80D60A771BBC4DDD00C3310E /* KVZCollectionViewController.h */,
				80D60A781BBC4DDD00C3310E /* KVZCollectionViewController.m */,
			);
			name = Controllers;
			sourceTree = "<group>";
		};
		80D60A9E1BBE8D7500C3310E /* Views */ = {
			isa = PBXGroup;
			children = (
				80D60A8D1BBC638E00C3310E /* KVZCollectionViewCell.h */,
				80D60A8E1BBC638E00C3310E /* KVZCollectionViewCell.m */,
			);
			name = Views;
			sourceTree = "<group>";
		};
		80D60A9F1BBE8D7D00C3310E /* Server */ = {
			isa = PBXGroup;
			children = (
				80D60A931BBC694F00C3310E /* KVZServerManager.h */,
				80D60A941BBC694F00C3310E /* KVZServerManager.m */,
			);
			name = Server;
			sourceTree = "<group>";
		};
		BF8C529ECBD0F7AAB50E7E3D /* Frameworks */ = {
			isa = PBXGroup;
			children = (
				1AB8205A5D80569858B236E8 /* libPods-GreatPics.a */,
			);
			name = Frameworks;
			sourceTree = "<group>";
		};
		FF391E4F40F796DB4CAC8793 /* Pods */ = {
			isa = PBXGroup;
			children = (
				3CB8296918332F8EF5EFE0F8 /* Pods-GreatPics.debug.xcconfig */,
				EB7B32DF2FE679F0E55E0AD5 /* Pods-GreatPics.release.xcconfig */,
			);
			name = Pods;
			sourceTree = "<group>";
		};
/* End PBXGroup section */

/* Begin PBXNativeTarget section */
		80D60A6D1BBC4DDD00C3310E /* GreatPics */ = {
			isa = PBXNativeTarget;
			buildConfigurationList = 80D60A851BBC4DDD00C3310E /* Build configuration list for PBXNativeTarget "GreatPics" */;
			buildPhases = (
				3B924D8C70FEE34AC5FB8EA1 /* Check Pods Manifest.lock */,
				80D60A6A1BBC4DDD00C3310E /* Sources */,
				80D60A6B1BBC4DDD00C3310E /* Frameworks */,
				80D60A6C1BBC4DDD00C3310E /* Resources */,
				9BF8CC79918E8381906C35FD /* Copy Pods Resources */,
			);
			buildRules = (
			);
			dependencies = (
			);
			name = GreatPics;
			productName = GreatPics;
			productReference = 80D60A6E1BBC4DDD00C3310E /* GreatPics.app */;
			productType = "com.apple.product-type.application";
		};
/* End PBXNativeTarget section */

/* Begin PBXProject section */
		80D60A661BBC4DDD00C3310E /* Project object */ = {
			isa = PBXProject;
			attributes = {
				LastUpgradeCheck = 0700;
				ORGANIZATIONNAME = kateryna.zaikina;
				TargetAttributes = {
					80D60A6D1BBC4DDD00C3310E = {
						CreatedOnToolsVersion = 7.0;
					};
				};
			};
			buildConfigurationList = 80D60A691BBC4DDD00C3310E /* Build configuration list for PBXProject "GreatPics" */;
			compatibilityVersion = "Xcode 3.2";
			developmentRegion = English;
			hasScannedForEncodings = 0;
			knownRegions = (
				en,
				Base,
			);
			mainGroup = 80D60A651BBC4DDD00C3310E;
			productRefGroup = 80D60A6F1BBC4DDD00C3310E /* Products */;
			projectDirPath = "";
			projectRoot = "";
			targets = (
				80D60A6D1BBC4DDD00C3310E /* GreatPics */,
			);
		};
/* End PBXProject section */

/* Begin PBXResourcesBuildPhase section */
		80D60A6C1BBC4DDD00C3310E /* Resources */ = {
			isa = PBXResourcesBuildPhase;
			buildActionMask = 2147483647;
			files = (
				80D60A891BBC4FB500C3310E /* .gitignore in Resources */,
				80D60A811BBC4DDD00C3310E /* LaunchScreen.storyboard in Resources */,
				80D60A7E1BBC4DDD00C3310E /* Assets.xcassets in Resources */,
				80D60A7C1BBC4DDD00C3310E /* Main.storyboard in Resources */,
			);
			runOnlyForDeploymentPostprocessing = 0;
		};
/* End PBXResourcesBuildPhase section */

/* Begin PBXShellScriptBuildPhase section */
		3B924D8C70FEE34AC5FB8EA1 /* Check Pods Manifest.lock */ = {
			isa = PBXShellScriptBuildPhase;
			buildActionMask = 2147483647;
			files = (
			);
			inputPaths = (
			);
			name = "Check Pods Manifest.lock";
			outputPaths = (
			);
			runOnlyForDeploymentPostprocessing = 0;
			shellPath = /bin/sh;
			shellScript = "diff \"${PODS_ROOT}/../Podfile.lock\" \"${PODS_ROOT}/Manifest.lock\" > /dev/null\nif [[ $? != 0 ]] ; then\n    cat << EOM\nerror: The sandbox is not in sync with the Podfile.lock. Run 'pod install' or update your CocoaPods installation.\nEOM\n    exit 1\nfi\n";
			showEnvVarsInLog = 0;
		};
		9BF8CC79918E8381906C35FD /* Copy Pods Resources */ = {
			isa = PBXShellScriptBuildPhase;
			buildActionMask = 2147483647;
			files = (
			);
			inputPaths = (
			);
			name = "Copy Pods Resources";
			outputPaths = (
			);
			runOnlyForDeploymentPostprocessing = 0;
			shellPath = /bin/sh;
			shellScript = "\"${SRCROOT}/Pods/Target Support Files/Pods-GreatPics/Pods-GreatPics-resources.sh\"\n";
			showEnvVarsInLog = 0;
		};
/* End PBXShellScriptBuildPhase section */

/* Begin PBXSourcesBuildPhase section */
		80D60A6A1BBC4DDD00C3310E /* Sources */ = {
			isa = PBXSourcesBuildPhase;
			buildActionMask = 2147483647;
			files = (
				80D60A8C1BBC633300C3310E /* KVZDataSource.m in Sources */,
				80D60A791BBC4DDD00C3310E /* KVZCollectionViewController.m in Sources */,
				80D60A8F1BBC638E00C3310E /* KVZCollectionViewCell.m in Sources */,
				80D60AEE1BC4596700C3310E /* KVZModel.xcdatamodeld in Sources */,
				80D60A921BBC673400C3310E /* KVZPic.m in Sources */,
				80D60AF41BC461E000C3310E /* KVZInstaPost.m in Sources */,
				80D60A761BBC4DDD00C3310E /* AppDelegate.m in Sources */,
				80D60A951BBC694F00C3310E /* KVZServerManager.m in Sources */,
				80D60A981BBE8C1A00C3310E /* KVZLoginViewController.m in Sources */,
				80D60A731BBC4DDD00C3310E /* main.m in Sources */,
				80D60AE81BC4528400C3310E /* KVZCoreDataManager.m in Sources */,
				80D60AF31BC461E000C3310E /* KVZInstaPost+CoreDataProperties.m in Sources */,
			);
			runOnlyForDeploymentPostprocessing = 0;
		};
/* End PBXSourcesBuildPhase section */

/* Begin PBXVariantGroup section */
		80D60A7A1BBC4DDD00C3310E /* Main.storyboard */ = {
			isa = PBXVariantGroup;
			children = (
				80D60A7B1BBC4DDD00C3310E /* Base */,
			);
			name = Main.storyboard;
			sourceTree = "<group>";
		};
		80D60A7F1BBC4DDD00C3310E /* LaunchScreen.storyboard */ = {
			isa = PBXVariantGroup;
			children = (
				80D60A801BBC4DDD00C3310E /* Base */,
			);
			name = LaunchScreen.storyboard;
			sourceTree = "<group>";
		};
/* End PBXVariantGroup section */

/* Begin XCBuildConfiguration section */
		80D60A831BBC4DDD00C3310E /* Debug */ = {
			isa = XCBuildConfiguration;
			buildSettings = {
				ALWAYS_SEARCH_USER_PATHS = NO;
				CLANG_CXX_LANGUAGE_STANDARD = "gnu++0x";
				CLANG_CXX_LIBRARY = "libc++";
				CLANG_ENABLE_MODULES = YES;
				CLANG_ENABLE_OBJC_ARC = YES;
				CLANG_WARN_BOOL_CONVERSION = YES;
				CLANG_WARN_CONSTANT_CONVERSION = YES;
				CLANG_WARN_DIRECT_OBJC_ISA_USAGE = YES_ERROR;
				CLANG_WARN_EMPTY_BODY = YES;
				CLANG_WARN_ENUM_CONVERSION = YES;
				CLANG_WARN_INT_CONVERSION = YES;
				CLANG_WARN_OBJC_ROOT_CLASS = YES_ERROR;
				CLANG_WARN_UNREACHABLE_CODE = YES;
				CLANG_WARN__DUPLICATE_METHOD_MATCH = YES;
				"CODE_SIGN_IDENTITY[sdk=iphoneos*]" = "iPhone Developer";
				COPY_PHASE_STRIP = NO;
				DEBUG_INFORMATION_FORMAT = dwarf;
				ENABLE_STRICT_OBJC_MSGSEND = YES;
				ENABLE_TESTABILITY = YES;
				GCC_C_LANGUAGE_STANDARD = gnu99;
				GCC_DYNAMIC_NO_PIC = NO;
				GCC_NO_COMMON_BLOCKS = YES;
				GCC_OPTIMIZATION_LEVEL = 0;
				GCC_PREPROCESSOR_DEFINITIONS = (
					"DEBUG=1",
					"$(inherited)",
				);
				GCC_WARN_64_TO_32_BIT_CONVERSION = YES;
				GCC_WARN_ABOUT_RETURN_TYPE = YES_ERROR;
				GCC_WARN_UNDECLARED_SELECTOR = YES;
				GCC_WARN_UNINITIALIZED_AUTOS = YES_AGGRESSIVE;
				GCC_WARN_UNUSED_FUNCTION = YES;
				GCC_WARN_UNUSED_VARIABLE = YES;
				IPHONEOS_DEPLOYMENT_TARGET = 9.0;
				MTL_ENABLE_DEBUG_INFO = YES;
				ONLY_ACTIVE_ARCH = YES;
				SDKROOT = iphoneos;
				TARGETED_DEVICE_FAMILY = "1,2";
			};
			name = Debug;
		};
		80D60A841BBC4DDD00C3310E /* Release */ = {
			isa = XCBuildConfiguration;
			buildSettings = {
				ALWAYS_SEARCH_USER_PATHS = NO;
				CLANG_CXX_LANGUAGE_STANDARD = "gnu++0x";
				CLANG_CXX_LIBRARY = "libc++";
				CLANG_ENABLE_MODULES = YES;
				CLANG_ENABLE_OBJC_ARC = YES;
				CLANG_WARN_BOOL_CONVERSION = YES;
				CLANG_WARN_CONSTANT_CONVERSION = YES;
				CLANG_WARN_DIRECT_OBJC_ISA_USAGE = YES_ERROR;
				CLANG_WARN_EMPTY_BODY = YES;
				CLANG_WARN_ENUM_CONVERSION = YES;
				CLANG_WARN_INT_CONVERSION = YES;
				CLANG_WARN_OBJC_ROOT_CLASS = YES_ERROR;
				CLANG_WARN_UNREACHABLE_CODE = YES;
				CLANG_WARN__DUPLICATE_METHOD_MATCH = YES;
				"CODE_SIGN_IDENTITY[sdk=iphoneos*]" = "iPhone Developer";
				COPY_PHASE_STRIP = NO;
				DEBUG_INFORMATION_FORMAT = "dwarf-with-dsym";
				ENABLE_NS_ASSERTIONS = NO;
				ENABLE_STRICT_OBJC_MSGSEND = YES;
				GCC_C_LANGUAGE_STANDARD = gnu99;
				GCC_NO_COMMON_BLOCKS = YES;
				GCC_WARN_64_TO_32_BIT_CONVERSION = YES;
				GCC_WARN_ABOUT_RETURN_TYPE = YES_ERROR;
				GCC_WARN_UNDECLARED_SELECTOR = YES;
				GCC_WARN_UNINITIALIZED_AUTOS = YES_AGGRESSIVE;
				GCC_WARN_UNUSED_FUNCTION = YES;
				GCC_WARN_UNUSED_VARIABLE = YES;
				IPHONEOS_DEPLOYMENT_TARGET = 9.0;
				MTL_ENABLE_DEBUG_INFO = NO;
				SDKROOT = iphoneos;
				TARGETED_DEVICE_FAMILY = "1,2";
				VALIDATE_PRODUCT = YES;
			};
			name = Release;
		};
		80D60A861BBC4DDD00C3310E /* Debug */ = {
			isa = XCBuildConfiguration;
			baseConfigurationReference = 3CB8296918332F8EF5EFE0F8 /* Pods-GreatPics.debug.xcconfig */;
			buildSettings = {
				ASSETCATALOG_COMPILER_APPICON_NAME = AppIcon;
				INFOPLIST_FILE = GreatPics/Info.plist;
				LD_RUNPATH_SEARCH_PATHS = "$(inherited) @executable_path/Frameworks";
				PRODUCT_BUNDLE_IDENTIFIER = com.kateryna.GreatPics;
				PRODUCT_NAME = "$(TARGET_NAME)";
			};
			name = Debug;
		};
		80D60A871BBC4DDD00C3310E /* Release */ = {
			isa = XCBuildConfiguration;
			baseConfigurationReference = EB7B32DF2FE679F0E55E0AD5 /* Pods-GreatPics.release.xcconfig */;
			buildSettings = {
				ASSETCATALOG_COMPILER_APPICON_NAME = AppIcon;
				INFOPLIST_FILE = GreatPics/Info.plist;
				LD_RUNPATH_SEARCH_PATHS = "$(inherited) @executable_path/Frameworks";
				PRODUCT_BUNDLE_IDENTIFIER = com.kateryna.GreatPics;
				PRODUCT_NAME = "$(TARGET_NAME)";
			};
			name = Release;
		};
/* End XCBuildConfiguration section */

/* Begin XCConfigurationList section */
		80D60A691BBC4DDD00C3310E /* Build configuration list for PBXProject "GreatPics" */ = {
			isa = XCConfigurationList;
			buildConfigurations = (
				80D60A831BBC4DDD00C3310E /* Debug */,
				80D60A841BBC4DDD00C3310E /* Release */,
			);
			defaultConfigurationIsVisible = 0;
			defaultConfigurationName = Release;
		};
		80D60A851BBC4DDD00C3310E /* Build configuration list for PBXNativeTarget "GreatPics" */ = {
			isa = XCConfigurationList;
			buildConfigurations = (
				80D60A861BBC4DDD00C3310E /* Debug */,
				80D60A871BBC4DDD00C3310E /* Release */,
			);
			defaultConfigurationIsVisible = 0;
			defaultConfigurationName = Release;
		};
/* End XCConfigurationList section */

/* Begin XCVersionGroup section */
		80D60AEC1BC4596700C3310E /* KVZModel.xcdatamodeld */ = {
			isa = XCVersionGroup;
			children = (
				80D60AED1BC4596700C3310E /* KVZModel.xcdatamodel */,
			);
			currentVersion = 80D60AED1BC4596700C3310E /* KVZModel.xcdatamodel */;
			path = KVZModel.xcdatamodeld;
			sourceTree = "<group>";
			versionGroupType = wrapper.xcdatamodel;
		};
/* End XCVersionGroup section */
	};
	rootObject = 80D60A661BBC4DDD00C3310E /* Project object */;
}
